// !$*UTF8*$!
{
	archiveVersion = 1;
	classes = {
	};
	objectVersion = 50;
	objects = {

/* Begin PBXBuildFile section */
		581053BF25EF5D7D00833A09 /* TableviewController.swift in Sources */ = {isa = PBXBuildFile; fileRef = 581053BE25EF5D7D00833A09 /* TableviewController.swift */; };
		5865DAF825EF2C6D00694395 /* AppDelegate.swift in Sources */ = {isa = PBXBuildFile; fileRef = 5865DAF725EF2C6D00694395 /* AppDelegate.swift */; };
		5865DAFA25EF2C6D00694395 /* SceneDelegate.swift in Sources */ = {isa = PBXBuildFile; fileRef = 5865DAF925EF2C6D00694395 /* SceneDelegate.swift */; };
		5865DAFC25EF2C6D00694395 /* ViewController.swift in Sources */ = {isa = PBXBuildFile; fileRef = 5865DAFB25EF2C6D00694395 /* ViewController.swift */; };
		5865DAFF25EF2C6D00694395 /* Main.storyboard in Resources */ = {isa = PBXBuildFile; fileRef = 5865DAFD25EF2C6D00694395 /* Main.storyboard */; };
		5865DB0125EF2C6E00694395 /* Assets.xcassets in Resources */ = {isa = PBXBuildFile; fileRef = 5865DB0025EF2C6E00694395 /* Assets.xcassets */; };
		5865DB0425EF2C6E00694395 /* LaunchScreen.storyboard in Resources */ = {isa = PBXBuildFile; fileRef = 5865DB0225EF2C6E00694395 /* LaunchScreen.storyboard */; };
		5865DB0D25EF2CA800694395 /* data.swift in Sources */ = {isa = PBXBuildFile; fileRef = 5865DB0C25EF2CA800694395 /* data.swift */; };
/* End PBXBuildFile section */

/* Begin PBXFileReference section */
		581053BE25EF5D7D00833A09 /* TableviewController.swift */ = {isa = PBXFileReference; lastKnownFileType = sourcecode.swift; path = TableviewController.swift; sourceTree = "<group>"; };
		5865DAF425EF2C6D00694395 /* sheetDBAPI.app */ = {isa = PBXFileReference; explicitFileType = wrapper.application; includeInIndex = 0; path = sheetDBAPI.app; sourceTree = BUILT_PRODUCTS_DIR; };
		5865DAF725EF2C6D00694395 /* AppDelegate.swift */ = {isa = PBXFileReference; lastKnownFileType = sourcecode.swift; path = AppDelegate.swift; sourceTree = "<group>"; };
		5865DAF925EF2C6D00694395 /* SceneDelegate.swift */ = {isa = PBXFileReference; lastKnownFileType = sourcecode.swift; path = SceneDelegate.swift; sourceTree = "<group>"; };
		5865DAFB25EF2C6D00694395 /* ViewController.swift */ = {isa = PBXFileReference; lastKnownFileType = sourcecode.swift; path = ViewController.swift; sourceTree = "<group>"; };
		5865DAFE25EF2C6D00694395 /* Base */ = {isa = PBXFileReference; lastKnownFileType = file.storyboard; name = Base; path = Base.lproj/Main.storyboard; sourceTree = "<group>"; };
		5865DB0025EF2C6E00694395 /* Assets.xcassets */ = {isa = PBXFileReference; lastKnownFileType = folder.assetcatalog; path = Assets.xcassets; sourceTree = "<group>"; };
		5865DB0325EF2C6E00694395 /* Base */ = {isa = PBXFileReference; lastKnownFileType = file.storyboard; name = Base; path = Base.lproj/LaunchScreen.storyboard; sourceTree = "<group>"; };
		5865DB0525EF2C6E00694395 /* Info.plist */ = {isa = PBXFileReference; lastKnownFileType = text.plist.xml; path = Info.plist; sourceTree = "<group>"; };
		5865DB0C25EF2CA800694395 /* data.swift */ = {isa = PBXFileReference; lastKnownFileType = sourcecode.swift; path = data.swift; sourceTree = "<group>"; };
/* End PBXFileReference section */

/* Begin PBXFrameworksBuildPhase section */
		5865DAF125EF2C6D00694395 /* Frameworks */ = {
			isa = PBXFrameworksBuildPhase;
			buildActionMask = 2147483647;
			files = (
			);
			runOnlyForDeploymentPostprocessing = 0;
		};
/* End PBXFrameworksBuildPhase section */

/* Begin PBXGroup section */
		5865DAEB25EF2C6D00694395 = {
			isa = PBXGroup;
			children = (
				5865DAF625EF2C6D00694395 /* sheetDBAPI */,
				5865DAF525EF2C6D00694395 /* Products */,
			);
			sourceTree = "<group>";
		};
		5865DAF525EF2C6D00694395 /* Products */ = {
			isa = PBXGroup;
			children = (
				5865DAF425EF2C6D00694395 /* sheetDBAPI.app */,
			);
			name = Products;
			sourceTree = "<group>";
		};
		5865DAF625EF2C6D00694395 /* sheetDBAPI */ = {
			isa = PBXGroup;
			children = (
				5865DAF725EF2C6D00694395 /* AppDelegate.swift */,
				5865DAF925EF2C6D00694395 /* SceneDelegate.swift */,
				5865DAFB25EF2C6D00694395 /* ViewController.swift */,
				5865DAFD25EF2C6D00694395 /* Main.storyboard */,
				5865DB0025EF2C6E00694395 /* Assets.xcassets */,
				5865DB0225EF2C6E00694395 /* LaunchScreen.storyboard */,
				5865DB0525EF2C6E00694395 /* Info.plist */,
				5865DB0C25EF2CA800694395 /* data.swift */,
				581053BE25EF5D7D00833A09 /* TableviewController.swift */,
			);
			path = sheetDBAPI;
			sourceTree = "<group>";
		};
/* End PBXGroup section */

/* Begin PBXNativeTarget section */
		5865DAF325EF2C6D00694395 /* sheetDBAPI */ = {
			isa = PBXNativeTarget;
			buildConfigurationList = 5865DB0825EF2C6E00694395 /* Build configuration list for PBXNativeTarget "sheetDBAPI" */;
			buildPhases = (
				5865DAF025EF2C6D00694395 /* Sources */,
				5865DAF125EF2C6D00694395 /* Frameworks */,
				5865DAF225EF2C6D00694395 /* Resources */,
			);
			buildRules = (
			);
			dependencies = (
			);
			name = sheetDBAPI;
			productName = sheetDBAPI;
			productReference = 5865DAF425EF2C6D00694395 /* sheetDBAPI.app */;
			productType = "com.apple.product-type.application";
		};
/* End PBXNativeTarget section */

/* Begin PBXProject section */
		5865DAEC25EF2C6D00694395 /* Project object */ = {
			isa = PBXProject;
			attributes = {
				LastSwiftUpdateCheck = 1240;
				LastUpgradeCheck = 1240;
				TargetAttributes = {
					5865DAF325EF2C6D00694395 = {
						CreatedOnToolsVersion = 12.4;
					};
				};
			};
			buildConfigurationList = 5865DAEF25EF2C6D00694395 /* Build configuration list for PBXProject "sheetDBAPI" */;
			compatibilityVersion = "Xcode 9.3";
			developmentRegion = en;
			hasScannedForEncodings = 0;
			knownRegions = (
				en,
				Base,
			);
			mainGroup = 5865DAEB25EF2C6D00694395;
			productRefGroup = 5865DAF525EF2C6D00694395 /* Products */;
			projectDirPath = "";
			projectRoot = "";
			targets = (
				5865DAF325EF2C6D00694395 /* sheetDBAPI */,
			);
		};
/* End PBXProject section */

/* Begin PBXResourcesBuildPhase section */
		5865DAF225EF2C6D00694395 /* Resources */ = {
			isa = PBXResourcesBuildPhase;
			buildActionMask = 2147483647;
			files = (
				5865DB0425EF2C6E00694395 /* LaunchScreen.storyboard in Resources */,
				5865DB0125EF2C6E00694395 /* Assets.xcassets in Resources */,
				5865DAFF25EF2C6D00694395 /* Main.storyboard in Resources */,
			);
			runOnlyForDeploymentPostprocessing = 0;
		};
/* End PBXResourcesBuildPhase section */

/* Begin PBXSourcesBuildPhase section */
		5865DAF025EF2C6D00694395 /* Sources */ = {
			isa = PBXSourcesBuildPhase;
			buildActionMask = 2147483647;
			files = (
				5865DAFC25EF2C6D00694395 /* ViewController.swift in Sources */,
				5865DAF825EF2C6D00694395 /* AppDelegate.swift in Sources */,
				5865DAFA25EF2C6D00694395 /* SceneDelegate.swift in Sources */,
				581053BF25EF5D7D00833A09 /* TableviewController.swift in Sources */,
				5865DB0D25EF2CA800694395 /* data.swift in Sources */,
			);
			runOnlyForDeploymentPostprocessing = 0;
		};
/* End PBXSourcesBuildPhase section */

/* Begin PBXVariantGroup section */
		5865DAFD25EF2C6D00694395 /* Main.storyboard */ = {
			isa = PBXVariantGroup;
			children = (
				5865DAFE25EF2C6D00694395 /* Base */,
			);
			name = Main.storyboard;
			sourceTree = "<group>";
		};
		5865DB0225EF2C6E00694395 /* LaunchScreen.storyboard */ = {
			isa = PBXVariantGroup;
			children = (
				5865DB0325EF2C6E00694395 /* Base */,
			);
			name = LaunchScreen.storyboard;
			sourceTree = "<group>";
		};
/* End PBXVariantGroup section */

/* Begin XCBuildConfiguration section */
		5865DB0625EF2C6E00694395 /* Debug */ = {
			isa = XCBuildConfiguration;
			buildSettings = {
				ALWAYS_SEARCH_USER_PATHS = NO;
				CLANG_ANALYZER_NONNULL = YES;
				CLANG_ANALYZER_NUMBER_OBJECT_CONVERSION = YES_AGGRESSIVE;
				CLANG_CXX_LANGUAGE_STANDARD = "gnu++14";
				CLANG_CXX_LIBRARY = "libc++";
				CLANG_ENABLE_MODULES = YES;
				CLANG_ENABLE_OBJC_ARC = YES;
				CLANG_ENABLE_OBJC_WEAK = YES;
				CLANG_WARN_BLOCK_CAPTURE_AUTORELEASING = YES;
				CLANG_WARN_BOOL_CONVERSION = YES;
				CLANG_WARN_COMMA = YES;
				CLANG_WARN_CONSTANT_CONVERSION = YES;
				CLANG_WARN_DEPRECATED_OBJC_IMPLEMENTATIONS = YES;
				CLANG_WARN_DIRECT_OBJC_ISA_USAGE = YES_ERROR;
				CLANG_WARN_DOCUMENTATION_COMMENTS = YES;
				CLANG_WARN_EMPTY_BODY = YES;
				CLANG_WARN_ENUM_CONVERSION = YES;
				CLANG_WARN_INFINITE_RECURSION = YES;
				CLANG_WARN_INT_CONVERSION = YES;
				CLANG_WARN_NON_LITERAL_NULL_CONVERSION = YES;
				CLANG_WARN_OBJC_IMPLICIT_RETAIN_SELF = YES;
				CLANG_WARN_OBJC_LITERAL_CONVERSION = YES;
				CLANG_WARN_OBJC_ROOT_CLASS = YES_ERROR;
				CLANG_WARN_QUOTED_INCLUDE_IN_FRAMEWORK_HEADER = YES;
				CLANG_WARN_RANGE_LOOP_ANALYSIS = YES;
				CLANG_WARN_STRICT_PROTOTYPES = YES;
				CLANG_WARN_SUSPICIOUS_MOVE = YES;
				CLANG_WARN_UNGUARDED_AVAILABILITY = YES_AGGRESSIVE;
				CLANG_WARN_UNREACHABLE_CODE = YES;
				CLANG_WARN__DUPLICATE_METHOD_MATCH = YES;
				COPY_PHASE_STRIP = NO;
				DEBUG_INFORMATION_FORMAT = dwarf;
				ENABLE_STRICT_OBJC_MSGSEND = YES;
				ENABLE_TESTABILITY = YES;
				GCC_C_LANGUAGE_STANDARD = gnu11;
				GCC_DYNAMIC_NO_PIC = NO;
				GCC_NO_COMMON_BLOCKS = YES;
				GCC_OPTIMIZATION_LEVEL = 0;
				GCC_PREPROCESSOR_DEFINITIONS = (
					"DEBUG=1",
					"$(inherited)",
				);
				GCC_WARN_64_TO_32_BIT_CONVERSION = YES;
				GCC_WARN_ABOUT_RETURN_TYPE = YES_ERROR;
				GCC_WARN_UNDECLARED_SELECTOR = YES;
				GCC_WARN_UNINITIALIZED_AUTOS = YES_AGGRESSIVE;
				GCC_WARN_UNUSED_FUNCTION = YES;
				GCC_WARN_UNUSED_VARIABLE = YES;
				IPHONEOS_DEPLOYMENT_TARGET = 14.4;
				MTL_ENABLE_DEBUG_INFO = INCLUDE_SOURCE;
				MTL_FAST_MATH = YES;
				ONLY_ACTIVE_ARCH = YES;
				SDKROOT = iphoneos;
				SWIFT_ACTIVE_COMPILATION_CONDITIONS = DEBUG;
				SWIFT_OPTIMIZATION_LEVEL = "-Onone";
			};
			name = Debug;
		};
		5865DB0725EF2C6E00694395 /* Release */ = {
			isa = XCBuildConfiguration;
			buildSettings = {
				ALWAYS_SEARCH_USER_PATHS = NO;
				CLANG_ANALYZER_NONNULL = YES;
				CLANG_ANALYZER_NUMBER_OBJECT_CONVERSION = YES_AGGRESSIVE;
				CLANG_CXX_LANGUAGE_STANDARD = "gnu++14";
				CLANG_CXX_LIBRARY = "libc++";
				CLANG_ENABLE_MODULES = YES;
				CLANG_ENABLE_OBJC_ARC = YES;
				CLANG_ENABLE_OBJC_WEAK = YES;
				CLANG_WARN_BLOCK_CAPTURE_AUTORELEASING = YES;
				CLANG_WARN_BOOL_CONVERSION = YES;
				CLANG_WARN_COMMA = YES;
				CLANG_WARN_CONSTANT_CONVERSION = YES;
				CLANG_WARN_DEPRECATED_OBJC_IMPLEMENTATIONS = YES;
				CLANG_WARN_DIRECT_OBJC_ISA_USAGE = YES_ERROR;
				CLANG_WARN_DOCUMENTATION_COMMENTS = YES;
				CLANG_WARN_EMPTY_BODY = YES;
				CLANG_WARN_ENUM_CONVERSION = YES;
				CLANG_WARN_INFINITE_RECURSION = YES;
				CLANG_WARN_INT_CONVERSION = YES;
				CLANG_WARN_NON_LITERAL_NULL_CONVERSION = YES;
				CLANG_WARN_OBJC_IMPLICIT_RETAIN_SELF = YES;
				CLANG_WARN_OBJC_LITERAL_CONVERSION = YES;
				CLANG_WARN_OBJC_ROOT_CLASS = YES_ERROR;
				CLANG_WARN_QUOTED_INCLUDE_IN_FRAMEWORK_HEADER = YES;
				CLANG_WARN_RANGE_LOOP_ANALYSIS = YES;
				CLANG_WARN_STRICT_PROTOTYPES = YES;
				CLANG_WARN_SUSPICIOUS_MOVE = YES;
				CLANG_WARN_UNGUARDED_AVAILABILITY = YES_AGGRESSIVE;
				CLANG_WARN_UNREACHABLE_CODE = YES;
				CLANG_WARN__DUPLICATE_METHOD_MATCH = YES;
				COPY_PHASE_STRIP = NO;
				DEBUG_INFORMATION_FORMAT = "dwarf-with-dsym";
				ENABLE_NS_ASSERTIONS = NO;
				ENABLE_STRICT_OBJC_MSGSEND = YES;
				GCC_C_LANGUAGE_STANDARD = gnu11;
				GCC_NO_COMMON_BLOCKS = YES;
				GCC_WARN_64_TO_32_BIT_CONVERSION = YES;
				GCC_WARN_ABOUT_RETURN_TYPE = YES_ERROR;
				GCC_WARN_UNDECLARED_SELECTOR = YES;
				GCC_WARN_UNINITIALIZED_AUTOS = YES_AGGRESSIVE;
				GCC_WARN_UNUSED_FUNCTION = YES;
				GCC_WARN_UNUSED_VARIABLE = YES;
				IPHONEOS_DEPLOYMENT_TARGET = 14.4;
				MTL_ENABLE_DEBUG_INFO = NO;
				MTL_FAST_MATH = YES;
				SDKROOT = iphoneos;
				SWIFT_COMPILATION_MODE = wholemodule;
				SWIFT_OPTIMIZATION_LEVEL = "-O";
				VALIDATE_PRODUCT = YES;
			};
			name = Release;
		};
		5865DB0925EF2C6E00694395 /* Debug */ = {
			isa = XCBuildConfiguration;
			buildSettings = {
				ASSETCATALOG_COMPILER_APPICON_NAME = AppIcon;
				ASSETCATALOG_COMPILER_GLOBAL_ACCENT_COLOR_NAME = AccentColor;
				CODE_SIGN_STYLE = Automatic;
				DEVELOPMENT_TEAM = 93547K4K9K;
				INFOPLIST_FILE = sheetDBAPI/Info.plist;
				LD_RUNPATH_SEARCH_PATHS = (
					"$(inherited)",
					"@executable_path/Frameworks",
				);
				PRODUCT_BUNDLE_IDENTIFIER = sheetDBAPI.sheetDBAPI;
				PRODUCT_NAME = "$(TARGET_NAME)";
				SWIFT_VERSION = 5.0;
				TARGETED_DEVICE_FAMILY = "1,2";
			};
			name = Debug;
		};
		5865DB0A25EF2C6E00694395 /* Release */ = {
			isa = XCBuildConfiguration;
			buildSettings = {
				ASSETCATALOG_COMPILER_APPICON_NAME = AppIcon;
				ASSETCATALOG_COMPILER_GLOBAL_ACCENT_COLOR_NAME = AccentColor;
				CODE_SIGN_STYLE = Automatic;
				DEVELOPMENT_TEAM = 93547K4K9K;
				INFOPLIST_FILE = sheetDBAPI/Info.plist;
				LD_RUNPATH_SEARCH_PATHS = (
					"$(inherited)",
					"@executable_path/Frameworks",
				);
				PRODUCT_BUNDLE_IDENTIFIER = sheetDBAPI.sheetDBAPI;
				PRODUCT_NAME = "$(TARGET_NAME)";
				SWIFT_VERSION = 5.0;
				TARGETED_DEVICE_FAMILY = "1,2";
			};
			name = Release;
		};
/* End XCBuildConfiguration section */

/* Begin XCConfigurationList section */
		5865DAEF25EF2C6D00694395 /* Build configuration list for PBXProject "sheetDBAPI" */ = {
			isa = XCConfigurationList;
			buildConfigurations = (
				5865DB0625EF2C6E00694395 /* Debug */,
				5865DB0725EF2C6E00694395 /* Release */,
			);
			defaultConfigurationIsVisible = 0;
			defaultConfigurationName = Release;
		};
		5865DB0825EF2C6E00694395 /* Build configuration list for PBXNativeTarget "sheetDBAPI" */ = {
			isa = XCConfigurationList;
			buildConfigurations = (
				5865DB0925EF2C6E00694395 /* Debug */,
				5865DB0A25EF2C6E00694395 /* Release */,
			);
			defaultConfigurationIsVisible = 0;
			defaultConfigurationName = Release;
		};
/* End XCConfigurationList section */
	};
	rootObject = 5865DAEC25EF2C6D00694395 /* Project object */;
}
